{
  "lockfileVersion": 1,
  "workspaces": {
    "": {
      "dependencies": {
        "retypeapp": "^3.6.0",
      },
    },
  },
  "packages": {
    "retypeapp": ["retypeapp@3.6.0", "", { "bin": { "retype": "retype.js" } }, "sha512-lDswiUZAVlLVfKo78tb5u4uc4FLN16pPyammOZ/MKBtyQzba+14nza5X4ndMrJMCr4UJuMAuru/515PdGff87A=="],
  }
}
